
Microsoft Visual Studio Solution File, Format Version 12.00
# Visual Studio Version 17
VisualStudioVersion = 17.5.002.0
MinimumVisualStudioVersion = 10.0.40219.1
Project("{2150E333-8FDC-42A3-9474-1A3956D46DE8}") = "prepare", "prepare", "{129E6F43-0B74-40E3-A61F-9B1E13AEDB67}"
EndProject
Project("{9A19103F-16F7-4668-BE54-9A1E7A4F7556}") = "Learning02", "prepare\Learning02\Learning02.csproj", "{67882B1A-A5DB-421E-B8A6-33667BA78F2D}"
EndProject
Project("{9A19103F-16F7-4668-BE54-9A1E7A4F7556}") = "Learning05", "prepare\Learning05\Learning05.csproj", "{2C20B957-AA57-4D5E-A143-F3E9EFBB82C9}"
EndProject
Project("{9A19103F-16F7-4668-BE54-9A1E7A4F7556}") = "Learning04", "prepare\Learning04\Learning04.csproj", "{8A33A075-1FED-4CF6-BDFE-985997C812D0}"
EndProject
Project("{9A19103F-16F7-4668-BE54-9A1E7A4F7556}") = "Learning03", "prepare\Learning03\Learning03.csproj", "{A07B86E8-3D7D-4FE1-A4DA-54743C8BF093}"
EndProject
Project("{2150E333-8FDC-42A3-9474-1A3956D46DE8}") = "prove", "prove", "{76C56732-9DE3-4081-92E3-4562DE3DB210}"
EndProject
Project("{9A19103F-16F7-4668-BE54-9A1E7A4F7556}") = "Develop03", "prove\Develop03\Develop03.csproj", "{A54AA2C1-32F3-4E5C-BCE5-D85F68A58169}"
EndProject
Project("{9A19103F-16F7-4668-BE54-9A1E7A4F7556}") = "Develop04", "prove\Develop04\Develop04.csproj", "{09CFFB42-ECC9-46D8-B0E2-F8B3AE88457B}"
EndProject
Project("{9A19103F-16F7-4668-BE54-9A1E7A4F7556}") = "Develop05", "prove\Develop05\Develop05.csproj", "{244BFFF0-8D41-4064-8BA9-C19B2FCDA0C2}"
EndProject
Project("{9A19103F-16F7-4668-BE54-9A1E7A4F7556}") = "Develop02", "prove\Develop02\Develop02.csproj", "{433B290A-9F2A-457C-8EB8-576D3B14115A}"
EndProject
Project("{2150E333-8FDC-42A3-9474-1A3956D46DE8}") = "sandbox", "sandbox", "{6C234B4D-D961-4EDD-B678-AD5E64AB656D}"
EndProject
Project("{9A19103F-16F7-4668-BE54-9A1E7A4F7556}") = "Sandbox", "sandbox\Sandbox\Sandbox.csproj", "{0943A7C8-2F2C-4D44-B5A0-D404054A733B}"
EndProject
Project("{2150E333-8FDC-42A3-9474-1A3956D46DE8}") = "final", "final", "{77E3865A-B887-43F2-A6AC-3F6FB649C9AF}"
EndProject
Project("{9A19103F-16F7-4668-BE54-9A1E7A4F7556}") = "FinalProject", "final\FinalProject\FinalProject.csproj", "{9395E898-3275-43F2-A433-7382DD18D87A}"
EndProject
Project("{9A19103F-16F7-4668-BE54-9A1E7A4F7556}") = "Foundation1", "final\Foundation1\Foundation1.csproj", "{A222B00F-CDFE-40CF-9C4B-F97F4910A530}"
EndProject
Project("{9A19103F-16F7-4668-BE54-9A1E7A4F7556}") = "Foundation4", "final\Foundation4\Foundation4.csproj", "{D8511FF9-89B8-4764-B2E1-53866B7978C0}"
EndProject
Project("{9A19103F-16F7-4668-BE54-9A1E7A4F7556}") = "Foundation3", "final\Foundation3\Foundation3.csproj", "{D260C210-4CC6-46DC-98B4-150AEE2C93A7}"
EndProject
Project("{9A19103F-16F7-4668-BE54-9A1E7A4F7556}") = "Foundation2", "final\Foundation2\Foundation2.csproj", "{6030C661-2634-4FE6-9EA8-91CF3361B213}"
EndProject
Project("{2150E333-8FDC-42A3-9474-1A3956D46DE8}") = "csharp-prep", "csharp-prep", "{8AB72B78-2418-4735-A06A-DB2F28D926AD}"
EndProject
Project("{9A19103F-16F7-4668-BE54-9A1E7A4F7556}") = "Prep1", "csharp-prep\Prep1\Prep1.csproj", "{679151C7-05C3-431E-AFF4-CDC341D45F20}"
EndProject
Project("{9A19103F-16F7-4668-BE54-9A1E7A4F7556}") = "Prep5", "csharp-prep\Prep5\Prep5.csproj", "{ED5C35F2-4604-432A-B152-B6BBD9E1ED08}"
EndProject
Project("{9A19103F-16F7-4668-BE54-9A1E7A4F7556}") = "Prep2", "csharp-prep\Prep2\Prep2.csproj", "{E92D8FDD-A9A1-40CB-8990-D0D28ABC634F}"
EndProject
Project("{9A19103F-16F7-4668-BE54-9A1E7A4F7556}") = "Prep3", "csharp-prep\Prep3\Prep3.csproj", "{1CD331B6-408C-4B8A-80D3-E3CC6FF5ADE8}"
EndProject
Project("{9A19103F-16F7-4668-BE54-9A1E7A4F7556}") = "Prep4", "csharp-prep\Prep4\Prep4.csproj", "{FFA16071-9C31-479A-B6BC-F3F4A22D7F3D}"
EndProject
Global
	GlobalSection(SolutionConfigurationPlatforms) = preSolution
		Debug|Any CPU = Debug|Any CPU
		Release|Any CPU = Release|Any CPU
	EndGlobalSection
	GlobalSection(ProjectConfigurationPlatforms) = postSolution
		{67882B1A-A5DB-421E-B8A6-33667BA78F2D}.Debug|Any CPU.ActiveCfg = Debug|Any CPU
		{67882B1A-A5DB-421E-B8A6-33667BA78F2D}.Debug|Any CPU.Build.0 = Debug|Any CPU
		{67882B1A-A5DB-421E-B8A6-33667BA78F2D}.Release|Any CPU.ActiveCfg = Release|Any CPU
		{67882B1A-A5DB-421E-B8A6-33667BA78F2D}.Release|Any CPU.Build.0 = Release|Any CPU
		{2C20B957-AA57-4D5E-A143-F3E9EFBB82C9}.Debug|Any CPU.ActiveCfg = Debug|Any CPU
		{2C20B957-AA57-4D5E-A143-F3E9EFBB82C9}.Debug|Any CPU.Build.0 = Debug|Any CPU
		{2C20B957-AA57-4D5E-A143-F3E9EFBB82C9}.Release|Any CPU.ActiveCfg = Release|Any CPU
		{2C20B957-AA57-4D5E-A143-F3E9EFBB82C9}.Release|Any CPU.Build.0 = Release|Any CPU
		{8A33A075-1FED-4CF6-BDFE-985997C812D0}.Debug|Any CPU.ActiveCfg = Debug|Any CPU
		{8A33A075-1FED-4CF6-BDFE-985997C812D0}.Debug|Any CPU.Build.0 = Debug|Any CPU
		{8A33A075-1FED-4CF6-BDFE-985997C812D0}.Release|Any CPU.ActiveCfg = Release|Any CPU
		{8A33A075-1FED-4CF6-BDFE-985997C812D0}.Release|Any CPU.Build.0 = Release|Any CPU
		{A07B86E8-3D7D-4FE1-A4DA-54743C8BF093}.Debug|Any CPU.ActiveCfg = Debug|Any CPU
		{A07B86E8-3D7D-4FE1-A4DA-54743C8BF093}.Debug|Any CPU.Build.0 = Debug|Any CPU
		{A07B86E8-3D7D-4FE1-A4DA-54743C8BF093}.Release|Any CPU.ActiveCfg = Release|Any CPU
		{A07B86E8-3D7D-4FE1-A4DA-54743C8BF093}.Release|Any CPU.Build.0 = Release|Any CPU
		{A54AA2C1-32F3-4E5C-BCE5-D85F68A58169}.Debug|Any CPU.ActiveCfg = Debug|Any CPU
		{A54AA2C1-32F3-4E5C-BCE5-D85F68A58169}.Debug|Any CPU.Build.0 = Debug|Any CPU
		{A54AA2C1-32F3-4E5C-BCE5-D85F68A58169}.Release|Any CPU.ActiveCfg = Release|Any CPU
		{A54AA2C1-32F3-4E5C-BCE5-D85F68A58169}.Release|Any CPU.Build.0 = Release|Any CPU
		{09CFFB42-ECC9-46D8-B0E2-F8B3AE88457B}.Debug|Any CPU.ActiveCfg = Debug|Any CPU
		{09CFFB42-ECC9-46D8-B0E2-F8B3AE88457B}.Debug|Any CPU.Build.0 = Debug|Any CPU
		{09CFFB42-ECC9-46D8-B0E2-F8B3AE88457B}.Release|Any CPU.ActiveCfg = Release|Any CPU
		{09CFFB42-ECC9-46D8-B0E2-F8B3AE88457B}.Release|Any CPU.Build.0 = Release|Any CPU
		{244BFFF0-8D41-4064-8BA9-C19B2FCDA0C2}.Debug|Any CPU.ActiveCfg = Debug|Any CPU
		{244BFFF0-8D41-4064-8BA9-C19B2FCDA0C2}.Debug|Any CPU.Build.0 = Debug|Any CPU
		{244BFFF0-8D41-4064-8BA9-C19B2FCDA0C2}.Release|Any CPU.ActiveCfg = Release|Any CPU
		{244BFFF0-8D41-4064-8BA9-C19B2FCDA0C2}.Release|Any CPU.Build.0 = Release|Any CPU
		{433B290A-9F2A-457C-8EB8-576D3B14115A}.Debug|Any CPU.ActiveCfg = Debug|Any CPU
		{433B290A-9F2A-457C-8EB8-576D3B14115A}.Debug|Any CPU.Build.0 = Debug|Any CPU
		{433B290A-9F2A-457C-8EB8-576D3B14115A}.Release|Any CPU.ActiveCfg = Release|Any CPU
		{433B290A-9F2A-457C-8EB8-576D3B14115A}.Release|Any CPU.Build.0 = Release|Any CPU
		{0943A7C8-2F2C-4D44-B5A0-D404054A733B}.Debug|Any CPU.ActiveCfg = Debug|Any CPU
		{0943A7C8-2F2C-4D44-B5A0-D404054A733B}.Debug|Any CPU.Build.0 = Debug|Any CPU
		{0943A7C8-2F2C-4D44-B5A0-D404054A733B}.Release|Any CPU.ActiveCfg = Release|Any CPU
		{0943A7C8-2F2C-4D44-B5A0-D404054A733B}.Release|Any CPU.Build.0 = Release|Any CPU
		{9395E898-3275-43F2-A433-7382DD18D87A}.Debug|Any CPU.ActiveCfg = Debug|Any CPU
		{9395E898-3275-43F2-A433-7382DD18D87A}.Debug|Any CPU.Build.0 = Debug|Any CPU
		{9395E898-3275-43F2-A433-7382DD18D87A}.Release|Any CPU.ActiveCfg = Release|Any CPU
		{9395E898-3275-43F2-A433-7382DD18D87A}.Release|Any CPU.Build.0 = Release|Any CPU
		{A222B00F-CDFE-40CF-9C4B-F97F4910A530}.Debug|Any CPU.ActiveCfg = Debug|Any CPU
		{A222B00F-CDFE-40CF-9C4B-F97F4910A530}.Debug|Any CPU.Build.0 = Debug|Any CPU
		{A222B00F-CDFE-40CF-9C4B-F97F4910A530}.Release|Any CPU.ActiveCfg = Release|Any CPU
		{A222B00F-CDFE-40CF-9C4B-F97F4910A530}.Release|Any CPU.Build.0 = Release|Any CPU
		{D8511FF9-89B8-4764-B2E1-53866B7978C0}.Debug|Any CPU.ActiveCfg = Debug|Any CPU
		{D8511FF9-89B8-4764-B2E1-53866B7978C0}.Debug|Any CPU.Build.0 = Debug|Any CPU
		{D8511FF9-89B8-4764-B2E1-53866B7978C0}.Release|Any CPU.ActiveCfg = Release|Any CPU
		{D8511FF9-89B8-4764-B2E1-53866B7978C0}.Release|Any CPU.Build.0 = Release|Any CPU
		{D260C210-4CC6-46DC-98B4-150AEE2C93A7}.Debug|Any CPU.ActiveCfg = Debug|Any CPU
		{D260C210-4CC6-46DC-98B4-150AEE2C93A7}.Debug|Any CPU.Build.0 = Debug|Any CPU
		{D260C210-4CC6-46DC-98B4-150AEE2C93A7}.Release|Any CPU.ActiveCfg = Release|Any CPU
		{D260C210-4CC6-46DC-98B4-150AEE2C93A7}.Release|Any CPU.Build.0 = Release|Any CPU
		{6030C661-2634-4FE6-9EA8-91CF3361B213}.Debug|Any CPU.ActiveCfg = Debug|Any CPU
		{6030C661-2634-4FE6-9EA8-91CF3361B213}.Debug|Any CPU.Build.0 = Debug|Any CPU
		{6030C661-2634-4FE6-9EA8-91CF3361B213}.Release|Any CPU.ActiveCfg = Release|Any CPU
		{6030C661-2634-4FE6-9EA8-91CF3361B213}.Release|Any CPU.Build.0 = Release|Any CPU
		{679151C7-05C3-431E-AFF4-CDC341D45F20}.Debug|Any CPU.ActiveCfg = Debug|Any CPU
		{679151C7-05C3-431E-AFF4-CDC341D45F20}.Debug|Any CPU.Build.0 = Debug|Any CPU
		{679151C7-05C3-431E-AFF4-CDC341D45F20}.Release|Any CPU.ActiveCfg = Release|Any CPU
		{679151C7-05C3-431E-AFF4-CDC341D45F20}.Release|Any CPU.Build.0 = Release|Any CPU
		{ED5C35F2-4604-432A-B152-B6BBD9E1ED08}.Debug|Any CPU.ActiveCfg = Debug|Any CPU
		{ED5C35F2-4604-432A-B152-B6BBD9E1ED08}.Debug|Any CPU.Build.0 = Debug|Any CPU
		{ED5C35F2-4604-432A-B152-B6BBD9E1ED08}.Release|Any CPU.ActiveCfg = Release|Any CPU
		{ED5C35F2-4604-432A-B152-B6BBD9E1ED08}.Release|Any CPU.Build.0 = Release|Any CPU
		{E92D8FDD-A9A1-40CB-8990-D0D28ABC634F}.Debug|Any CPU.ActiveCfg = Debug|Any CPU
		{E92D8FDD-A9A1-40CB-8990-D0D28ABC634F}.Debug|Any CPU.Build.0 = Debug|Any CPU
		{E92D8FDD-A9A1-40CB-8990-D0D28ABC634F}.Release|Any CPU.ActiveCfg = Release|Any CPU
		{E92D8FDD-A9A1-40CB-8990-D0D28ABC634F}.Release|Any CPU.Build.0 = Release|Any CPU
		{1CD331B6-408C-4B8A-80D3-E3CC6FF5ADE8}.Debug|Any CPU.ActiveCfg = Debug|Any CPU
		{1CD331B6-408C-4B8A-80D3-E3CC6FF5ADE8}.Debug|Any CPU.Build.0 = Debug|Any CPU
		{1CD331B6-408C-4B8A-80D3-E3CC6FF5ADE8}.Release|Any CPU.ActiveCfg = Release|Any CPU
		{1CD331B6-408C-4B8A-80D3-E3CC6FF5ADE8}.Release|Any CPU.Build.0 = Release|Any CPU
		{FFA16071-9C31-479A-B6BC-F3F4A22D7F3D}.Debug|Any CPU.ActiveCfg = Debug|Any CPU
		{FFA16071-9C31-479A-B6BC-F3F4A22D7F3D}.Debug|Any CPU.Build.0 = Debug|Any CPU
		{FFA16071-9C31-479A-B6BC-F3F4A22D7F3D}.Release|Any CPU.ActiveCfg = Release|Any CPU
		{FFA16071-9C31-479A-B6BC-F3F4A22D7F3D}.Release|Any CPU.Build.0 = Release|Any CPU
	EndGlobalSection
	GlobalSection(SolutionProperties) = preSolution
		HideSolutionNode = FALSE
	EndGlobalSection
	GlobalSection(NestedProjects) = preSolution
		{67882B1A-A5DB-421E-B8A6-33667BA78F2D} = {129E6F43-0B74-40E3-A61F-9B1E13AEDB67}
		{2C20B957-AA57-4D5E-A143-F3E9EFBB82C9} = {129E6F43-0B74-40E3-A61F-9B1E13AEDB67}
		{8A33A075-1FED-4CF6-BDFE-985997C812D0} = {129E6F43-0B74-40E3-A61F-9B1E13AEDB67}
		{A07B86E8-3D7D-4FE1-A4DA-54743C8BF093} = {129E6F43-0B74-40E3-A61F-9B1E13AEDB67}
		{A54AA2C1-32F3-4E5C-BCE5-D85F68A58169} = {76C56732-9DE3-4081-92E3-4562DE3DB210}
		{09CFFB42-ECC9-46D8-B0E2-F8B3AE88457B} = {76C56732-9DE3-4081-92E3-4562DE3DB210}
		{244BFFF0-8D41-4064-8BA9-C19B2FCDA0C2} = {76C56732-9DE3-4081-92E3-4562DE3DB210}
		{433B290A-9F2A-457C-8EB8-576D3B14115A} = {76C56732-9DE3-4081-92E3-4562DE3DB210}
		{0943A7C8-2F2C-4D44-B5A0-D404054A733B} = {6C234B4D-D961-4EDD-B678-AD5E64AB656D}
		{9395E898-3275-43F2-A433-7382DD18D87A} = {77E3865A-B887-43F2-A6AC-3F6FB649C9AF}
		{A222B00F-CDFE-40CF-9C4B-F97F4910A530} = {77E3865A-B887-43F2-A6AC-3F6FB649C9AF}
		{D8511FF9-89B8-4764-B2E1-53866B7978C0} = {77E3865A-B887-43F2-A6AC-3F6FB649C9AF}
		{D260C210-4CC6-46DC-98B4-150AEE2C93A7} = {77E3865A-B887-43F2-A6AC-3F6FB649C9AF}
		{6030C661-2634-4FE6-9EA8-91CF3361B213} = {77E3865A-B887-43F2-A6AC-3F6FB649C9AF}
		{679151C7-05C3-431E-AFF4-CDC341D45F20} = {8AB72B78-2418-4735-A06A-DB2F28D926AD}
		{ED5C35F2-4604-432A-B152-B6BBD9E1ED08} = {8AB72B78-2418-4735-A06A-DB2F28D926AD}
		{E92D8FDD-A9A1-40CB-8990-D0D28ABC634F} = {8AB72B78-2418-4735-A06A-DB2F28D926AD}
		{1CD331B6-408C-4B8A-80D3-E3CC6FF5ADE8} = {8AB72B78-2418-4735-A06A-DB2F28D926AD}
		{FFA16071-9C31-479A-B6BC-F3F4A22D7F3D} = {8AB72B78-2418-4735-A06A-DB2F28D926AD}
	EndGlobalSection
	GlobalSection(ExtensibilityGlobals) = postSolution
		SolutionGuid = {0D207E73-DC32-48BD-BEA6-8E60791BDD7C}
	EndGlobalSection
EndGlobal
